	<Project xmlns="http://schemas.microsoft.com/developer/msbuild/2003">
		<PropertyGroup>
			<ProjectGuid>{D194CD57-ABB8-4C0D-B949-D74D74574E8A}</ProjectGuid>
			<MainSource>osFRepman.dpr</MainSource>
			<Base>True</Base>
			<Config Condition="'$(Config)'==''">Debug</Config>
			<Platform>Win32</Platform>
			<AppType>Application</AppType>
			<FrameworkType>VCL</FrameworkType>
			<DCC_DCCCompiler>DCC32</DCC_DCCCompiler>
			<ProjectVersion>12.3</ProjectVersion>
		</PropertyGroup>
		<PropertyGroup Condition="'$(Config)'=='Base' or '$(Base)'!=''">
			<Base>true</Base>
		</PropertyGroup>
		<PropertyGroup Condition="'$(Config)'=='Release' or '$(Cfg_1)'!=''">
			<Cfg_1>true</Cfg_1>
			<CfgParent>Base</CfgParent>
			<Base>true</Base>
		</PropertyGroup>
		<PropertyGroup Condition="'$(Config)'=='Debug' or '$(Cfg_2)'!=''">
			<Cfg_2>true</Cfg_2>
			<CfgParent>Base</CfgParent>
			<Base>true</Base>
		</PropertyGroup>
		<PropertyGroup Condition="'$(Base)'!=''">
			<DCC_IOChecking>false</DCC_IOChecking>
			<DCC_UsePackage>vcl;rtl;vclx;inet;xmlrtl;vclie;inetdbbde;inetdbxpress;dbrtl;dsnap;dsnapcon;vcldb;soaprtl;VclSmp;dbexpress;dbxcds;bdertl;vcldbx;webdsnap;websnap;adortl;ibxpress;teeui;teedb;tee;dss;visualclx;visualdbclx;vclactnband;vclshlctrls;IntrawebDB_50_70;Intraweb_50_70;Rave50CLX;Rave50VCL;dclOfficeXP;ZComponent;ZParseSql;ZCore;ZDbc;ZPlain;alphyra2steppin;cxEditorsVCLD7;cxLibraryVCLD7;dxThemeD7;cxDataD7;cxExtEditorsVCLD7;cxGridVCLD7;cxPageControlVCLD7;dxPack2D6;fc4000v7;IcsDel70;ip4000v7;LcdDisplay;O406_r70;O406br70;QR4RunD7;SingleCompPack;TcSylComp;VCLZipD6_3;rppack_del;Indy70;BaseBBoxD7;ChsBBoxD7;EDIBBoxD7;SSLBBoxCliD7;MIMEBBoxD7;HTTPBBoxCliD7;FTPSBBoxCliD7;PKIBBoxD7;MailBBoxD7;PDFBBoxD7;PGPBBoxD7;PGPMIMEBBoxD7;PGPSSHBBoxD7;SSHBBoxCliD7;PGPTLSBBoxD7;PKISSHBBoxD7;SFTPBBoxCliD7;SFTPBBoxSrvD7;SSHBBoxSrvD7;SMIMEBBoxD7;SSLBBoxSrvD7;XMLBBoxD7;rppackv_del;rppackdesign_del;rppackvcl_del;fqbADO70;fqbBDE70;fqbIBX70;fqbDBX70;fqb70;rppack;rppackdesignvcl_del</DCC_UsePackage>
			<DCC_WriteableConstants>true</DCC_WriteableConstants>
			<DCC_ImageBase>00400000</DCC_ImageBase>
			<DCC_UnitAlias>WinTypes=Windows;WinProcs=Windows;DbiTypes=BDE;DbiProcs=BDE;DbiErrs=BDE;WinTypes=Windows;WinProcs=Windows;$(DCC_UnitAlias)</DCC_UnitAlias>
			<DCC_RangeChecking>true</DCC_RangeChecking>
			<DCC_ExeOutput>c:\osFinancials\</DCC_ExeOutput>
			<DCC_K>false</DCC_K>
			<DCC_N>true</DCC_N>
			<DCC_S>false</DCC_S>
			<DCC_F>false</DCC_F>
			<DCC_DcuOutput>..\..\..\..\..\dcu</DCC_DcuOutput>
			<DCC_IntegerOverflowCheck>true</DCC_IntegerOverflowCheck>
			<DCC_E>false</DCC_E>
		</PropertyGroup>
		<PropertyGroup Condition="'$(Cfg_1)'!=''">
			<DCC_LocalDebugSymbols>false</DCC_LocalDebugSymbols>
			<DCC_Define>RELEASE;COMPILER12_UP;$(DCC_Define)</DCC_Define>
			<DCC_SymbolReferenceInfo>0</DCC_SymbolReferenceInfo>
			<DCC_DebugInformation>false</DCC_DebugInformation>
		</PropertyGroup>
		<PropertyGroup Condition="'$(Cfg_2)'!=''">
			<DCC_ExeOutput>e:\osFinancials\</DCC_ExeOutput>
			<DCC_Define>DEBUG;COMPILER12_UP;$(DCC_Define)</DCC_Define>
			<DCC_GenerateStackFrames>true</DCC_GenerateStackFrames>
		</PropertyGroup>
		<ItemGroup>
			<DelphiCompile Include="osFRepman.dpr">
				<MainSource>MainSource</MainSource>
			</DelphiCompile>
			<DCCReference Include="Ulogindb.pas">
				<Form>fmLoginDB</Form>
			</DCCReference>
			<DCCReference Include="..\editor\MainReportMan.pas">
				<Form>frMainReportMan</Form>
			</DCCReference>
			<DCCReference Include="..\..\..\sources\OSFinancials\Shared\UPluginsSharedUnit.pas"/>
			<DCCReference Include="..\..\..\sources\OSFinancials\Shared\TcashClasses.pas"/>
			<DCCReference Include="..\..\..\sources\pluginsShared\UDMTCCoreLink.pas">
				<Form>DMTCCoreLink</Form>
				<DesignClass>TDataModule</DesignClass>
			</DCCReference>
			<DCCReference Include="..\..\..\sources\OSFinancials\Shared\OSFGeneralRoutines.pas"/>
			<DCCReference Include="..\..\..\sources\OSFinancials\Shared\UConnectionClass.pas"/>
			<DCCReference Include="..\..\closedplugins\ECommerce\ServiceApp\UDmDummyDatabase.pas">
				<Form>dmDatabase</Form>
				<DesignClass>TDataModule</DesignClass>
			</DCCReference>
			<DCCReference Include="..\..\..\sources\OSFinancials\Shared\HtmlHelpAPI.pas"/>
			<DCCReference Include="..\..\..\sources\OSFinancials\ReportsDll\Newforms\UDMReportsGlobals.pas">
				<Form>DMReportsGlobals</Form>
			</DCCReference>
			<DCCReference Include="..\..\closedplugins\osFFreeField\UDesignSearch.pas">
				<Form>DesignSearch</Form>
			</DCCReference>
			<DCCReference Include="..\..\..\sources\OSFinancials\Shared\USearchTrans.pas">
				<Form>FLookupTrans</Form>
			</DCCReference>
			<DCCReference Include="..\viewer\UReportManager.pas">
				<Form>ReportManager</Form>
			</DCCReference>
			<BuildConfiguration Include="Debug">
				<Key>Cfg_2</Key>
				<CfgParent>Base</CfgParent>
			</BuildConfiguration>
			<BuildConfiguration Include="Base">
				<Key>Base</Key>
			</BuildConfiguration>
			<BuildConfiguration Include="Release">
				<Key>Cfg_1</Key>
				<CfgParent>Base</CfgParent>
			</BuildConfiguration>
		</ItemGroup>
		<Import Condition="Exists('$(BDS)\Bin\CodeGear.Delphi.Targets')" Project="$(BDS)\Bin\CodeGear.Delphi.Targets"/>
		<Import Condition="Exists('$(APPDATA)\Embarcadero\$(BDSAPPDATABASEDIR)\$(PRODUCTVERSION)\UserTools.proj')" Project="$(APPDATA)\Embarcadero\$(BDSAPPDATABASEDIR)\$(PRODUCTVERSION)\UserTools.proj"/>
		<ProjectExtensions>
			<Borland.Personality>Delphi.Personality.12</Borland.Personality>
			<Borland.ProjectType>VCLApplication</Borland.ProjectType>
			<BorlandProject>
				<Delphi.Personality>
					<Source>
						<Source Name="MainSource">osFRepman.dpr</Source>
					</Source>
					<VersionInfo>
						<VersionInfo Name="IncludeVerInfo">False</VersionInfo>
						<VersionInfo Name="AutoIncBuild">False</VersionInfo>
						<VersionInfo Name="MajorVer">1</VersionInfo>
						<VersionInfo Name="MinorVer">0</VersionInfo>
						<VersionInfo Name="Release">0</VersionInfo>
						<VersionInfo Name="Build">0</VersionInfo>
						<VersionInfo Name="Debug">False</VersionInfo>
						<VersionInfo Name="PreRelease">False</VersionInfo>
						<VersionInfo Name="Special">False</VersionInfo>
						<VersionInfo Name="Private">False</VersionInfo>
						<VersionInfo Name="DLL">False</VersionInfo>
						<VersionInfo Name="Locale">1043</VersionInfo>
						<VersionInfo Name="CodePage">1252</VersionInfo>
					</VersionInfo>
					<VersionInfoKeys>
						<VersionInfoKeys Name="CompanyName"/>
						<VersionInfoKeys Name="FileDescription"/>
						<VersionInfoKeys Name="FileVersion">1.0.0.0</VersionInfoKeys>
						<VersionInfoKeys Name="InternalName"/>
						<VersionInfoKeys Name="LegalCopyright"/>
						<VersionInfoKeys Name="LegalTrademarks"/>
						<VersionInfoKeys Name="OriginalFilename"/>
						<VersionInfoKeys Name="ProductName"/>
						<VersionInfoKeys Name="ProductVersion">1.0.0.0</VersionInfoKeys>
						<VersionInfoKeys Name="Comments"/>
					</VersionInfoKeys>
					<Excluded_Packages>
						<Excluded_Packages Name="C:\Documents and Settings\Pieter\Mijn documenten\RAD Studio\Projects\bpl\VCLZipD6_3.bpl">File C:\Documents and Settings\Pieter\Mijn documenten\RAD Studio\Projects\bpl\VCLZipD6_3.bpl not found</Excluded_Packages>
						<Excluded_Packages Name="$(BDSBIN)\dcloffice2k150.bpl">Microsoft Office 2000 Sample Automation Server Wrapper Components</Excluded_Packages>
						<Excluded_Packages Name="$(BDSBIN)\dclofficexp150.bpl">Microsoft Office XP Sample Automation Server Wrapper Components</Excluded_Packages>
					</Excluded_Packages>
				</Delphi.Personality>
				<Platforms>
					<Platform value="Win32">True</Platform>
				</Platforms>
			</BorlandProject>
			<ProjectFileVersion>12</ProjectFileVersion>
		</ProjectExtensions>
	</Project>
